// !$*UTF8*$!
{
	archiveVersion = 1;
	classes = {
	};
	objectVersion = 56;
	objects = {

/* Begin PBXBuildFile section */
		2E1E5FBF2BE7F17F00196A17 /* ThothAppApp.swift in Sources */ = {isa = PBXBuildFile; fileRef = 2E1E5FBE2BE7F17F00196A17 /* ThothAppApp.swift */; };
		2E1E5FC12BE7F17F00196A17 /* ContentView.swift in Sources */ = {isa = PBXBuildFile; fileRef = 2E1E5FC02BE7F17F00196A17 /* ContentView.swift */; };
		2E1E5FC32BE7F18200196A17 /* Assets.xcassets in Resources */ = {isa = PBXBuildFile; fileRef = 2E1E5FC22BE7F18200196A17 /* Assets.xcassets */; };
		2E1E5FC72BE7F18200196A17 /* Preview Assets.xcassets in Resources */ = {isa = PBXBuildFile; fileRef = 2E1E5FC62BE7F18200196A17 /* Preview Assets.xcassets */; };
		2E1E5FD12BE7F18200196A17 /* ThothAppTests.swift in Sources */ = {isa = PBXBuildFile; fileRef = 2E1E5FD02BE7F18200196A17 /* ThothAppTests.swift */; };
		2E1E5FDB2BE7F18200196A17 /* ThothAppUITests.swift in Sources */ = {isa = PBXBuildFile; fileRef = 2E1E5FDA2BE7F18200196A17 /* ThothAppUITests.swift */; };
		2E1E5FDD2BE7F18200196A17 /* ThothAppUITestsLaunchTests.swift in Sources */ = {isa = PBXBuildFile; fileRef = 2E1E5FDC2BE7F18200196A17 /* ThothAppUITestsLaunchTests.swift */; };
		2E1E5FEA2BE8032700196A17 /* ViewController.swift in Sources */ = {isa = PBXBuildFile; fileRef = 2E1E5FE92BE8032700196A17 /* ViewController.swift */; };
		2E1E5FEB2BE803C800196A17 /* ViewController.swift in Sources */ = {isa = PBXBuildFile; fileRef = 2E1E5FE92BE8032700196A17 /* ViewController.swift */; };
		2E1E5FEC2BE803D000196A17 /* ViewController.swift in Sources */ = {isa = PBXBuildFile; fileRef = 2E1E5FE92BE8032700196A17 /* ViewController.swift */; };
		2E60BDC62BE80CEA0091F506 /* LibraryView.swift in Sources */ = {isa = PBXBuildFile; fileRef = 2E60BDC52BE80CEA0091F506 /* LibraryView.swift */; };
		2E60BDC72BE80CEA0091F506 /* LibraryView.swift in Sources */ = {isa = PBXBuildFile; fileRef = 2E60BDC52BE80CEA0091F506 /* LibraryView.swift */; };
		2E60BDC82BE80CEA0091F506 /* LibraryView.swift in Sources */ = {isa = PBXBuildFile; fileRef = 2E60BDC52BE80CEA0091F506 /* LibraryView.swift */; };
		2E60BDCA2BE80D110091F506 /* Book.swift in Sources */ = {isa = PBXBuildFile; fileRef = 2E60BDC92BE80D110091F506 /* Book.swift */; };
		2E60BDCB2BE80D110091F506 /* Book.swift in Sources */ = {isa = PBXBuildFile; fileRef = 2E60BDC92BE80D110091F506 /* Book.swift */; };
		2E60BDCC2BE80D110091F506 /* Book.swift in Sources */ = {isa = PBXBuildFile; fileRef = 2E60BDC92BE80D110091F506 /* Book.swift */; };
		2E60BDCE2BE80D5B0091F506 /* ReaderView.swift in Sources */ = {isa = PBXBuildFile; fileRef = 2E60BDCD2BE80D5B0091F506 /* ReaderView.swift */; };
		2E60BDCF2BE80D5B0091F506 /* ReaderView.swift in Sources */ = {isa = PBXBuildFile; fileRef = 2E60BDCD2BE80D5B0091F506 /* ReaderView.swift */; };
		2E60BDD02BE80D5B0091F506 /* ReaderView.swift in Sources */ = {isa = PBXBuildFile; fileRef = 2E60BDCD2BE80D5B0091F506 /* ReaderView.swift */; };
		2E60BDD32BE80F7B0091F506 /* ZIPFoundation in Frameworks */ = {isa = PBXBuildFile; productRef = 2E60BDD22BE80F7B0091F506 /* ZIPFoundation */; };
		2E60BDD62BE80F910091F506 /* AEXML in Frameworks */ = {isa = PBXBuildFile; productRef = 2E60BDD52BE80F910091F506 /* AEXML */; };
		2E60BDDC2BE8109C0091F506 /* DocumentPicker.swift in Sources */ = {isa = PBXBuildFile; fileRef = 2E60BDDB2BE8109C0091F506 /* DocumentPicker.swift */; };
		2E60BDDD2BE8109C0091F506 /* DocumentPicker.swift in Sources */ = {isa = PBXBuildFile; fileRef = 2E60BDDB2BE8109C0091F506 /* DocumentPicker.swift */; };
		2E60BDDE2BE8109C0091F506 /* DocumentPicker.swift in Sources */ = {isa = PBXBuildFile; fileRef = 2E60BDDB2BE8109C0091F506 /* DocumentPicker.swift */; };
		2E60BDE02BE812D00091F506 /* EPubParser.swift in Sources */ = {isa = PBXBuildFile; fileRef = 2E60BDDF2BE812D00091F506 /* EPubParser.swift */; };
		2E60BDE12BE812D00091F506 /* EPubParser.swift in Sources */ = {isa = PBXBuildFile; fileRef = 2E60BDDF2BE812D00091F506 /* EPubParser.swift */; };
		2E60BDE22BE812D00091F506 /* EPubParser.swift in Sources */ = {isa = PBXBuildFile; fileRef = 2E60BDDF2BE812D00091F506 /* EPubParser.swift */; };
		2E60BDE42BE817770091F506 /* FileManagerExtensions.swift in Sources */ = {isa = PBXBuildFile; fileRef = 2E60BDE32BE817770091F506 /* FileManagerExtensions.swift */; };
		2E60BDE52BE817770091F506 /* FileManagerExtensions.swift in Sources */ = {isa = PBXBuildFile; fileRef = 2E60BDE32BE817770091F506 /* FileManagerExtensions.swift */; };
		2E60BDE62BE817770091F506 /* FileManagerExtensions.swift in Sources */ = {isa = PBXBuildFile; fileRef = 2E60BDE32BE817770091F506 /* FileManagerExtensions.swift */; };
/* End PBXBuildFile section */

/* Begin PBXContainerItemProxy section */
		2E1E5FCD2BE7F18200196A17 /* PBXContainerItemProxy */ = {
			isa = PBXContainerItemProxy;
			containerPortal = 2E1E5FB32BE7F17F00196A17 /* Project object */;
			proxyType = 1;
			remoteGlobalIDString = 2E1E5FBA2BE7F17F00196A17;
			remoteInfo = ThothApp;
		};
		2E1E5FD72BE7F18200196A17 /* PBXContainerItemProxy */ = {
			isa = PBXContainerItemProxy;
			containerPortal = 2E1E5FB32BE7F17F00196A17 /* Project object */;
			proxyType = 1;
			remoteGlobalIDString = 2E1E5FBA2BE7F17F00196A17;
			remoteInfo = ThothApp;
		};
/* End PBXContainerItemProxy section */

/* Begin PBXFileReference section */
		2E1E5FBB2BE7F17F00196A17 /* ThothApp.app */ = {isa = PBXFileReference; explicitFileType = wrapper.application; includeInIndex = 0; path = ThothApp.app; sourceTree = BUILT_PRODUCTS_DIR; };
		2E1E5FBE2BE7F17F00196A17 /* ThothAppApp.swift */ = {isa = PBXFileReference; lastKnownFileType = sourcecode.swift; path = ThothAppApp.swift; sourceTree = "<group>"; };
		2E1E5FC02BE7F17F00196A17 /* ContentView.swift */ = {isa = PBXFileReference; lastKnownFileType = sourcecode.swift; path = ContentView.swift; sourceTree = "<group>"; };
		2E1E5FC22BE7F18200196A17 /* Assets.xcassets */ = {isa = PBXFileReference; lastKnownFileType = folder.assetcatalog; path = Assets.xcassets; sourceTree = "<group>"; };
		2E1E5FC42BE7F18200196A17 /* ThothApp.entitlements */ = {isa = PBXFileReference; lastKnownFileType = text.plist.entitlements; path = ThothApp.entitlements; sourceTree = "<group>"; };
		2E1E5FC62BE7F18200196A17 /* Preview Assets.xcassets */ = {isa = PBXFileReference; lastKnownFileType = folder.assetcatalog; path = "Preview Assets.xcassets"; sourceTree = "<group>"; };
		2E1E5FCC2BE7F18200196A17 /* ThothAppTests.xctest */ = {isa = PBXFileReference; explicitFileType = wrapper.cfbundle; includeInIndex = 0; path = ThothAppTests.xctest; sourceTree = BUILT_PRODUCTS_DIR; };
		2E1E5FD02BE7F18200196A17 /* ThothAppTests.swift */ = {isa = PBXFileReference; lastKnownFileType = sourcecode.swift; path = ThothAppTests.swift; sourceTree = "<group>"; };
		2E1E5FD62BE7F18200196A17 /* ThothAppUITests.xctest */ = {isa = PBXFileReference; explicitFileType = wrapper.cfbundle; includeInIndex = 0; path = ThothAppUITests.xctest; sourceTree = BUILT_PRODUCTS_DIR; };
		2E1E5FDA2BE7F18200196A17 /* ThothAppUITests.swift */ = {isa = PBXFileReference; lastKnownFileType = sourcecode.swift; path = ThothAppUITests.swift; sourceTree = "<group>"; };
		2E1E5FDC2BE7F18200196A17 /* ThothAppUITestsLaunchTests.swift */ = {isa = PBXFileReference; lastKnownFileType = sourcecode.swift; path = ThothAppUITestsLaunchTests.swift; sourceTree = "<group>"; };
		2E1E5FE92BE8032700196A17 /* ViewController.swift */ = {isa = PBXFileReference; lastKnownFileType = sourcecode.swift; path = ViewController.swift; sourceTree = "<group>"; };
		2E60BDC52BE80CEA0091F506 /* LibraryView.swift */ = {isa = PBXFileReference; lastKnownFileType = sourcecode.swift; path = LibraryView.swift; sourceTree = "<group>"; };
		2E60BDC92BE80D110091F506 /* Book.swift */ = {isa = PBXFileReference; lastKnownFileType = sourcecode.swift; path = Book.swift; sourceTree = "<group>"; };
		2E60BDCD2BE80D5B0091F506 /* ReaderView.swift */ = {isa = PBXFileReference; lastKnownFileType = sourcecode.swift; path = ReaderView.swift; sourceTree = "<group>"; };
		2E60BDDB2BE8109C0091F506 /* DocumentPicker.swift */ = {isa = PBXFileReference; lastKnownFileType = sourcecode.swift; path = DocumentPicker.swift; sourceTree = "<group>"; };
		2E60BDDF2BE812D00091F506 /* EPubParser.swift */ = {isa = PBXFileReference; lastKnownFileType = sourcecode.swift; path = EPubParser.swift; sourceTree = "<group>"; };
		2E60BDE32BE817770091F506 /* FileManagerExtensions.swift */ = {isa = PBXFileReference; lastKnownFileType = sourcecode.swift; path = FileManagerExtensions.swift; sourceTree = "<group>"; };
/* End PBXFileReference section */

/* Begin PBXFrameworksBuildPhase section */
		2E1E5FB82BE7F17F00196A17 /* Frameworks */ = {
			isa = PBXFrameworksBuildPhase;
			buildActionMask = 2147483647;
			files = (
				2E60BDD62BE80F910091F506 /* AEXML in Frameworks */,
				2E60BDD32BE80F7B0091F506 /* ZIPFoundation in Frameworks */,
			);
			runOnlyForDeploymentPostprocessing = 0;
		};
		2E1E5FC92BE7F18200196A17 /* Frameworks */ = {
			isa = PBXFrameworksBuildPhase;
			buildActionMask = 2147483647;
			files = (
			);
			runOnlyForDeploymentPostprocessing = 0;
		};
		2E1E5FD32BE7F18200196A17 /* Frameworks */ = {
			isa = PBXFrameworksBuildPhase;
			buildActionMask = 2147483647;
			files = (
			);
			runOnlyForDeploymentPostprocessing = 0;
		};
/* End PBXFrameworksBuildPhase section */

/* Begin PBXGroup section */
		2E1E5FB22BE7F17F00196A17 = {
			isa = PBXGroup;
			children = (
				2E1E5FBD2BE7F17F00196A17 /* ThothApp */,
				2E1E5FCF2BE7F18200196A17 /* ThothAppTests */,
				2E1E5FD92BE7F18200196A17 /* ThothAppUITests */,
				2E1E5FBC2BE7F17F00196A17 /* Products */,
			);
			sourceTree = "<group>";
		};
		2E1E5FBC2BE7F17F00196A17 /* Products */ = {
			isa = PBXGroup;
			children = (
				2E1E5FBB2BE7F17F00196A17 /* ThothApp.app */,
				2E1E5FCC2BE7F18200196A17 /* ThothAppTests.xctest */,
				2E1E5FD62BE7F18200196A17 /* ThothAppUITests.xctest */,
			);
			name = Products;
			sourceTree = "<group>";
		};
		2E1E5FBD2BE7F17F00196A17 /* ThothApp */ = {
			isa = PBXGroup;
			children = (
				2E60BDDF2BE812D00091F506 /* EPubParser.swift */,
				2E60BDDB2BE8109C0091F506 /* DocumentPicker.swift */,
				2E60BDCD2BE80D5B0091F506 /* ReaderView.swift */,
				2E60BDC92BE80D110091F506 /* Book.swift */,
				2E60BDC52BE80CEA0091F506 /* LibraryView.swift */,
				2E1E5FBE2BE7F17F00196A17 /* ThothAppApp.swift */,
				2E1E5FC02BE7F17F00196A17 /* ContentView.swift */,
				2E1E5FC22BE7F18200196A17 /* Assets.xcassets */,
				2E1E5FC42BE7F18200196A17 /* ThothApp.entitlements */,
				2E1E5FC52BE7F18200196A17 /* Preview Content */,
				2E1E5FE92BE8032700196A17 /* ViewController.swift */,
				2E60BDE32BE817770091F506 /* FileManagerExtensions.swift */,
			);
			path = ThothApp;
			sourceTree = "<group>";
		};
		2E1E5FC52BE7F18200196A17 /* Preview Content */ = {
			isa = PBXGroup;
			children = (
				2E1E5FC62BE7F18200196A17 /* Preview Assets.xcassets */,
			);
			path = "Preview Content";
			sourceTree = "<group>";
		};
		2E1E5FCF2BE7F18200196A17 /* ThothAppTests */ = {
			isa = PBXGroup;
			children = (
				2E1E5FD02BE7F18200196A17 /* ThothAppTests.swift */,
			);
			path = ThothAppTests;
			sourceTree = "<group>";
		};
		2E1E5FD92BE7F18200196A17 /* ThothAppUITests */ = {
			isa = PBXGroup;
			children = (
				2E1E5FDA2BE7F18200196A17 /* ThothAppUITests.swift */,
				2E1E5FDC2BE7F18200196A17 /* ThothAppUITestsLaunchTests.swift */,
			);
			path = ThothAppUITests;
			sourceTree = "<group>";
		};
/* End PBXGroup section */

/* Begin PBXNativeTarget section */
		2E1E5FBA2BE7F17F00196A17 /* ThothApp */ = {
			isa = PBXNativeTarget;
			buildConfigurationList = 2E1E5FE02BE7F18200196A17 /* Build configuration list for PBXNativeTarget "ThothApp" */;
			buildPhases = (
				2E1E5FB72BE7F17F00196A17 /* Sources */,
				2E1E5FB82BE7F17F00196A17 /* Frameworks */,
				2E1E5FB92BE7F17F00196A17 /* Resources */,
			);
			buildRules = (
			);
			dependencies = (
			);
			name = ThothApp;
			packageProductDependencies = (
				2E60BDD22BE80F7B0091F506 /* ZIPFoundation */,
				2E60BDD52BE80F910091F506 /* AEXML */,
			);
			productName = ThothApp;
			productReference = 2E1E5FBB2BE7F17F00196A17 /* ThothApp.app */;
			productType = "com.apple.product-type.application";
		};
		2E1E5FCB2BE7F18200196A17 /* ThothAppTests */ = {
			isa = PBXNativeTarget;
			buildConfigurationList = 2E1E5FE32BE7F18200196A17 /* Build configuration list for PBXNativeTarget "ThothAppTests" */;
			buildPhases = (
				2E1E5FC82BE7F18200196A17 /* Sources */,
				2E1E5FC92BE7F18200196A17 /* Frameworks */,
				2E1E5FCA2BE7F18200196A17 /* Resources */,
			);
			buildRules = (
			);
			dependencies = (
				2E1E5FCE2BE7F18200196A17 /* PBXTargetDependency */,
			);
			name = ThothAppTests;
			productName = ThothAppTests;
			productReference = 2E1E5FCC2BE7F18200196A17 /* ThothAppTests.xctest */;
			productType = "com.apple.product-type.bundle.unit-test";
		};
		2E1E5FD52BE7F18200196A17 /* ThothAppUITests */ = {
			isa = PBXNativeTarget;
			buildConfigurationList = 2E1E5FE62BE7F18200196A17 /* Build configuration list for PBXNativeTarget "ThothAppUITests" */;
			buildPhases = (
				2E1E5FD22BE7F18200196A17 /* Sources */,
				2E1E5FD32BE7F18200196A17 /* Frameworks */,
				2E1E5FD42BE7F18200196A17 /* Resources */,
			);
			buildRules = (
			);
			dependencies = (
				2E1E5FD82BE7F18200196A17 /* PBXTargetDependency */,
			);
			name = ThothAppUITests;
			productName = ThothAppUITests;
			productReference = 2E1E5FD62BE7F18200196A17 /* ThothAppUITests.xctest */;
			productType = "com.apple.product-type.bundle.ui-testing";
		};
/* End PBXNativeTarget section */

/* Begin PBXProject section */
		2E1E5FB32BE7F17F00196A17 /* Project object */ = {
			isa = PBXProject;
			attributes = {
				BuildIndependentTargetsInParallel = 1;
				LastSwiftUpdateCheck = 1430;
				LastUpgradeCheck = 1430;
				TargetAttributes = {
					2E1E5FBA2BE7F17F00196A17 = {
						CreatedOnToolsVersion = 14.3.1;
					};
					2E1E5FCB2BE7F18200196A17 = {
						CreatedOnToolsVersion = 14.3.1;
						TestTargetID = 2E1E5FBA2BE7F17F00196A17;
					};
					2E1E5FD52BE7F18200196A17 = {
						CreatedOnToolsVersion = 14.3.1;
						TestTargetID = 2E1E5FBA2BE7F17F00196A17;
					};
				};
			};
			buildConfigurationList = 2E1E5FB62BE7F17F00196A17 /* Build configuration list for PBXProject "ThothApp" */;
			compatibilityVersion = "Xcode 14.0";
			developmentRegion = en;
			hasScannedForEncodings = 0;
			knownRegions = (
				en,
				Base,
			);
			mainGroup = 2E1E5FB22BE7F17F00196A17;
			packageReferences = (
				2E60BDD12BE80F7B0091F506 /* XCRemoteSwiftPackageReference "ZIPFoundation" */,
				2E60BDD42BE80F910091F506 /* XCRemoteSwiftPackageReference "AEXML" */,
			);
			productRefGroup = 2E1E5FBC2BE7F17F00196A17 /* Products */;
			projectDirPath = "";
			projectRoot = "";
			targets = (
				2E1E5FBA2BE7F17F00196A17 /* ThothApp */,
				2E1E5FCB2BE7F18200196A17 /* ThothAppTests */,
				2E1E5FD52BE7F18200196A17 /* ThothAppUITests */,
			);
		};
/* End PBXProject section */

/* Begin PBXResourcesBuildPhase section */
		2E1E5FB92BE7F17F00196A17 /* Resources */ = {
			isa = PBXResourcesBuildPhase;
			buildActionMask = 2147483647;
			files = (
				2E1E5FC72BE7F18200196A17 /* Preview Assets.xcassets in Resources */,
				2E1E5FC32BE7F18200196A17 /* Assets.xcassets in Resources */,
			);
			runOnlyForDeploymentPostprocessing = 0;
		};
		2E1E5FCA2BE7F18200196A17 /* Resources */ = {
			isa = PBXResourcesBuildPhase;
			buildActionMask = 2147483647;
			files = (
			);
			runOnlyForDeploymentPostprocessing = 0;
		};
		2E1E5FD42BE7F18200196A17 /* Resources */ = {
			isa = PBXResourcesBuildPhase;
			buildActionMask = 2147483647;
			files = (
			);
			runOnlyForDeploymentPostprocessing = 0;
		};
/* End PBXResourcesBuildPhase section */

/* Begin PBXSourcesBuildPhase section */
		2E1E5FB72BE7F17F00196A17 /* Sources */ = {
			isa = PBXSourcesBuildPhase;
			buildActionMask = 2147483647;
			files = (
				2E60BDC62BE80CEA0091F506 /* LibraryView.swift in Sources */,
				2E60BDCE2BE80D5B0091F506 /* ReaderView.swift in Sources */,
				2E60BDE42BE817770091F506 /* FileManagerExtensions.swift in Sources */,
				2E1E5FEA2BE8032700196A17 /* ViewController.swift in Sources */,
				2E1E5FC12BE7F17F00196A17 /* ContentView.swift in Sources */,
				2E60BDE02BE812D00091F506 /* EPubParser.swift in Sources */,
				2E60BDCA2BE80D110091F506 /* Book.swift in Sources */,
				2E60BDDC2BE8109C0091F506 /* DocumentPicker.swift in Sources */,
				2E1E5FBF2BE7F17F00196A17 /* ThothAppApp.swift in Sources */,
			);
			runOnlyForDeploymentPostprocessing = 0;
		};
		2E1E5FC82BE7F18200196A17 /* Sources */ = {
			isa = PBXSourcesBuildPhase;
			buildActionMask = 2147483647;
			files = (
				2E60BDCB2BE80D110091F506 /* Book.swift in Sources */,
				2E60BDE52BE817770091F506 /* FileManagerExtensions.swift in Sources */,
				2E60BDCF2BE80D5B0091F506 /* ReaderView.swift in Sources */,
				2E1E5FEB2BE803C800196A17 /* ViewController.swift in Sources */,
				2E60BDC72BE80CEA0091F506 /* LibraryView.swift in Sources */,
				2E60BDE12BE812D00091F506 /* EPubParser.swift in Sources */,
				2E60BDDD2BE8109C0091F506 /* DocumentPicker.swift in Sources */,
				2E1E5FD12BE7F18200196A17 /* ThothAppTests.swift in Sources */,
			);
			runOnlyForDeploymentPostprocessing = 0;
		};
		2E1E5FD22BE7F18200196A17 /* Sources */ = {
			isa = PBXSourcesBuildPhase;
			buildActionMask = 2147483647;
			files = (
				2E60BDC82BE80CEA0091F506 /* LibraryView.swift in Sources */,
				2E60BDD02BE80D5B0091F506 /* ReaderView.swift in Sources */,
				2E60BDE62BE817770091F506 /* FileManagerExtensions.swift in Sources */,
				2E1E5FEC2BE803D000196A17 /* ViewController.swift in Sources */,
				2E1E5FDD2BE7F18200196A17 /* ThothAppUITestsLaunchTests.swift in Sources */,
				2E60BDE22BE812D00091F506 /* EPubParser.swift in Sources */,
				2E60BDCC2BE80D110091F506 /* Book.swift in Sources */,
				2E60BDDE2BE8109C0091F506 /* DocumentPicker.swift in Sources */,
				2E1E5FDB2BE7F18200196A17 /* ThothAppUITests.swift in Sources */,
			);
			runOnlyForDeploymentPostprocessing = 0;
		};
/* End PBXSourcesBuildPhase section */

/* Begin PBXTargetDependency section */
		2E1E5FCE2BE7F18200196A17 /* PBXTargetDependency */ = {
			isa = PBXTargetDependency;
			target = 2E1E5FBA2BE7F17F00196A17 /* ThothApp */;
			targetProxy = 2E1E5FCD2BE7F18200196A17 /* PBXContainerItemProxy */;
		};
		2E1E5FD82BE7F18200196A17 /* PBXTargetDependency */ = {
			isa = PBXTargetDependency;
			target = 2E1E5FBA2BE7F17F00196A17 /* ThothApp */;
			targetProxy = 2E1E5FD72BE7F18200196A17 /* PBXContainerItemProxy */;
		};
/* End PBXTargetDependency section */

/* Begin XCBuildConfiguration section */
		2E1E5FDE2BE7F18200196A17 /* Debug */ = {
			isa = XCBuildConfiguration;
			buildSettings = {
				ALWAYS_SEARCH_USER_PATHS = NO;
				CLANG_ANALYZER_NONNULL = YES;
				CLANG_ANALYZER_NUMBER_OBJECT_CONVERSION = YES_AGGRESSIVE;
				CLANG_CXX_LANGUAGE_STANDARD = "gnu++20";
				CLANG_ENABLE_MODULES = YES;
				CLANG_ENABLE_OBJC_ARC = YES;
				CLANG_ENABLE_OBJC_WEAK = YES;
				CLANG_WARN_BLOCK_CAPTURE_AUTORELEASING = YES;
				CLANG_WARN_BOOL_CONVERSION = YES;
				CLANG_WARN_COMMA = YES;
				CLANG_WARN_CONSTANT_CONVERSION = YES;
				CLANG_WARN_DEPRECATED_OBJC_IMPLEMENTATIONS = YES;
				CLANG_WARN_DIRECT_OBJC_ISA_USAGE = YES_ERROR;
				CLANG_WARN_DOCUMENTATION_COMMENTS = YES;
				CLANG_WARN_EMPTY_BODY = YES;
				CLANG_WARN_ENUM_CONVERSION = YES;
				CLANG_WARN_INFINITE_RECURSION = YES;
				CLANG_WARN_INT_CONVERSION = YES;
				CLANG_WARN_NON_LITERAL_NULL_CONVERSION = YES;
				CLANG_WARN_OBJC_IMPLICIT_RETAIN_SELF = YES;
				CLANG_WARN_OBJC_LITERAL_CONVERSION = YES;
				CLANG_WARN_OBJC_ROOT_CLASS = YES_ERROR;
				CLANG_WARN_QUOTED_INCLUDE_IN_FRAMEWORK_HEADER = YES;
				CLANG_WARN_RANGE_LOOP_ANALYSIS = YES;
				CLANG_WARN_STRICT_PROTOTYPES = YES;
				CLANG_WARN_SUSPICIOUS_MOVE = YES;
				CLANG_WARN_UNGUARDED_AVAILABILITY = YES_AGGRESSIVE;
				CLANG_WARN_UNREACHABLE_CODE = YES;
				CLANG_WARN__DUPLICATE_METHOD_MATCH = YES;
				COPY_PHASE_STRIP = NO;
				DEBUG_INFORMATION_FORMAT = dwarf;
				ENABLE_STRICT_OBJC_MSGSEND = YES;
				ENABLE_TESTABILITY = YES;
				GCC_C_LANGUAGE_STANDARD = gnu11;
				GCC_DYNAMIC_NO_PIC = NO;
				GCC_NO_COMMON_BLOCKS = YES;
				GCC_OPTIMIZATION_LEVEL = 0;
				GCC_PREPROCESSOR_DEFINITIONS = (
					"DEBUG=1",
					"$(inherited)",
				);
				GCC_WARN_64_TO_32_BIT_CONVERSION = YES;
				GCC_WARN_ABOUT_RETURN_TYPE = YES_ERROR;
				GCC_WARN_UNDECLARED_SELECTOR = YES;
				GCC_WARN_UNINITIALIZED_AUTOS = YES_AGGRESSIVE;
				GCC_WARN_UNUSED_FUNCTION = YES;
				GCC_WARN_UNUSED_VARIABLE = YES;
				MTL_ENABLE_DEBUG_INFO = INCLUDE_SOURCE;
				MTL_FAST_MATH = YES;
				ONLY_ACTIVE_ARCH = YES;
				SWIFT_ACTIVE_COMPILATION_CONDITIONS = DEBUG;
				SWIFT_OPTIMIZATION_LEVEL = "-Onone";
			};
			name = Debug;
		};
		2E1E5FDF2BE7F18200196A17 /* Release */ = {
			isa = XCBuildConfiguration;
			buildSettings = {
				ALWAYS_SEARCH_USER_PATHS = NO;
				CLANG_ANALYZER_NONNULL = YES;
				CLANG_ANALYZER_NUMBER_OBJECT_CONVERSION = YES_AGGRESSIVE;
				CLANG_CXX_LANGUAGE_STANDARD = "gnu++20";
				CLANG_ENABLE_MODULES = YES;
				CLANG_ENABLE_OBJC_ARC = YES;
				CLANG_ENABLE_OBJC_WEAK = YES;
				CLANG_WARN_BLOCK_CAPTURE_AUTORELEASING = YES;
				CLANG_WARN_BOOL_CONVERSION = YES;
				CLANG_WARN_COMMA = YES;
				CLANG_WARN_CONSTANT_CONVERSION = YES;
				CLANG_WARN_DEPRECATED_OBJC_IMPLEMENTATIONS = YES;
				CLANG_WARN_DIRECT_OBJC_ISA_USAGE = YES_ERROR;
				CLANG_WARN_DOCUMENTATION_COMMENTS = YES;
				CLANG_WARN_EMPTY_BODY = YES;
				CLANG_WARN_ENUM_CONVERSION = YES;
				CLANG_WARN_INFINITE_RECURSION = YES;
				CLANG_WARN_INT_CONVERSION = YES;
				CLANG_WARN_NON_LITERAL_NULL_CONVERSION = YES;
				CLANG_WARN_OBJC_IMPLICIT_RETAIN_SELF = YES;
				CLANG_WARN_OBJC_LITERAL_CONVERSION = YES;
				CLANG_WARN_OBJC_ROOT_CLASS = YES_ERROR;
				CLANG_WARN_QUOTED_INCLUDE_IN_FRAMEWORK_HEADER = YES;
				CLANG_WARN_RANGE_LOOP_ANALYSIS = YES;
				CLANG_WARN_STRICT_PROTOTYPES = YES;
				CLANG_WARN_SUSPICIOUS_MOVE = YES;
				CLANG_WARN_UNGUARDED_AVAILABILITY = YES_AGGRESSIVE;
				CLANG_WARN_UNREACHABLE_CODE = YES;
				CLANG_WARN__DUPLICATE_METHOD_MATCH = YES;
				COPY_PHASE_STRIP = NO;
				DEBUG_INFORMATION_FORMAT = "dwarf-with-dsym";
				ENABLE_NS_ASSERTIONS = NO;
				ENABLE_STRICT_OBJC_MSGSEND = YES;
				GCC_C_LANGUAGE_STANDARD = gnu11;
				GCC_NO_COMMON_BLOCKS = YES;
				GCC_WARN_64_TO_32_BIT_CONVERSION = YES;
				GCC_WARN_ABOUT_RETURN_TYPE = YES_ERROR;
				GCC_WARN_UNDECLARED_SELECTOR = YES;
				GCC_WARN_UNINITIALIZED_AUTOS = YES_AGGRESSIVE;
				GCC_WARN_UNUSED_FUNCTION = YES;
				GCC_WARN_UNUSED_VARIABLE = YES;
				MTL_ENABLE_DEBUG_INFO = NO;
				MTL_FAST_MATH = YES;
				SWIFT_COMPILATION_MODE = wholemodule;
				SWIFT_OPTIMIZATION_LEVEL = "-O";
			};
			name = Release;
		};
		2E1E5FE12BE7F18200196A17 /* Debug */ = {
			isa = XCBuildConfiguration;
			buildSettings = {
				ASSETCATALOG_COMPILER_APPICON_NAME = AppIcon;
				ASSETCATALOG_COMPILER_GLOBAL_ACCENT_COLOR_NAME = AccentColor;
				CODE_SIGN_ENTITLEMENTS = ThothApp/ThothApp.entitlements;
				CODE_SIGN_STYLE = Automatic;
				CURRENT_PROJECT_VERSION = 1;
				DEVELOPMENT_ASSET_PATHS = "\"ThothApp/Preview Content\"";
				DEVELOPMENT_TEAM = NLTA9YFM6V;
				ENABLE_PREVIEWS = YES;
				GENERATE_INFOPLIST_FILE = YES;
				"INFOPLIST_KEY_UIApplicationSceneManifest_Generation[sdk=iphoneos*]" = YES;
				"INFOPLIST_KEY_UIApplicationSceneManifest_Generation[sdk=iphonesimulator*]" = YES;
				"INFOPLIST_KEY_UIApplicationSupportsIndirectInputEvents[sdk=iphoneos*]" = YES;
				"INFOPLIST_KEY_UIApplicationSupportsIndirectInputEvents[sdk=iphonesimulator*]" = YES;
				"INFOPLIST_KEY_UILaunchScreen_Generation[sdk=iphoneos*]" = YES;
				"INFOPLIST_KEY_UILaunchScreen_Generation[sdk=iphonesimulator*]" = YES;
				"INFOPLIST_KEY_UIStatusBarStyle[sdk=iphoneos*]" = UIStatusBarStyleDefault;
				"INFOPLIST_KEY_UIStatusBarStyle[sdk=iphonesimulator*]" = UIStatusBarStyleDefault;
				INFOPLIST_KEY_UISupportedInterfaceOrientations_iPad = "UIInterfaceOrientationPortrait UIInterfaceOrientationPortraitUpsideDown UIInterfaceOrientationLandscapeLeft UIInterfaceOrientationLandscapeRight";
				INFOPLIST_KEY_UISupportedInterfaceOrientations_iPhone = "UIInterfaceOrientationPortrait UIInterfaceOrientationLandscapeLeft UIInterfaceOrientationLandscapeRight";
				IPHONEOS_DEPLOYMENT_TARGET = 16.4;
				LD_RUNPATH_SEARCH_PATHS = "@executable_path/Frameworks";
				"LD_RUNPATH_SEARCH_PATHS[sdk=macosx*]" = "@executable_path/../Frameworks";
				MACOSX_DEPLOYMENT_TARGET = 13.0;
				MARKETING_VERSION = 1.0;
				PRODUCT_BUNDLE_IDENTIFIER = AbramGiller.ThothApp;
				PRODUCT_NAME = "$(TARGET_NAME)";
				SDKROOT = auto;
				SUPPORTED_PLATFORMS = "iphoneos iphonesimulator";
				SUPPORTS_MACCATALYST = NO;
				SUPPORTS_MAC_DESIGNED_FOR_IPHONE_IPAD = NO;
				SWIFT_EMIT_LOC_STRINGS = YES;
				SWIFT_VERSION = 5.0;
				TARGETED_DEVICE_FAMILY = "1,2";
			};
			name = Debug;
		};
		2E1E5FE22BE7F18200196A17 /* Release */ = {
			isa = XCBuildConfiguration;
			buildSettings = {
				ASSETCATALOG_COMPILER_APPICON_NAME = AppIcon;
				ASSETCATALOG_COMPILER_GLOBAL_ACCENT_COLOR_NAME = AccentColor;
				CODE_SIGN_ENTITLEMENTS = ThothApp/ThothApp.entitlements;
				CODE_SIGN_STYLE = Automatic;
				CURRENT_PROJECT_VERSION = 1;
				DEVELOPMENT_ASSET_PATHS = "\"ThothApp/Preview Content\"";
				DEVELOPMENT_TEAM = NLTA9YFM6V;
				ENABLE_PREVIEWS = YES;
				GENERATE_INFOPLIST_FILE = YES;
				"INFOPLIST_KEY_UIApplicationSceneManifest_Generation[sdk=iphoneos*]" = YES;
				"INFOPLIST_KEY_UIApplicationSceneManifest_Generation[sdk=iphonesimulator*]" = YES;
				"INFOPLIST_KEY_UIApplicationSupportsIndirectInputEvents[sdk=iphoneos*]" = YES;
				"INFOPLIST_KEY_UIApplicationSupportsIndirectInputEvents[sdk=iphonesimulator*]" = YES;
				"INFOPLIST_KEY_UILaunchScreen_Generation[sdk=iphoneos*]" = YES;
				"INFOPLIST_KEY_UILaunchScreen_Generation[sdk=iphonesimulator*]" = YES;
				"INFOPLIST_KEY_UIStatusBarStyle[sdk=iphoneos*]" = UIStatusBarStyleDefault;
				"INFOPLIST_KEY_UIStatusBarStyle[sdk=iphonesimulator*]" = UIStatusBarStyleDefault;
				INFOPLIST_KEY_UISupportedInterfaceOrientations_iPad = "UIInterfaceOrientationPortrait UIInterfaceOrientationPortraitUpsideDown UIInterfaceOrientationLandscapeLeft UIInterfaceOrientationLandscapeRight";
				INFOPLIST_KEY_UISupportedInterfaceOrientations_iPhone = "UIInterfaceOrientationPortrait UIInterfaceOrientationLandscapeLeft UIInterfaceOrientationLandscapeRight";
				IPHONEOS_DEPLOYMENT_TARGET = 16.4;
				LD_RUNPATH_SEARCH_PATHS = "@executable_path/Frameworks";
				"LD_RUNPATH_SEARCH_PATHS[sdk=macosx*]" = "@executable_path/../Frameworks";
				MACOSX_DEPLOYMENT_TARGET = 13.0;
				MARKETING_VERSION = 1.0;
				PRODUCT_BUNDLE_IDENTIFIER = AbramGiller.ThothApp;
				PRODUCT_NAME = "$(TARGET_NAME)";
				SDKROOT = auto;
				SUPPORTED_PLATFORMS = "iphoneos iphonesimulator";
				SUPPORTS_MACCATALYST = NO;
				SUPPORTS_MAC_DESIGNED_FOR_IPHONE_IPAD = NO;
				SWIFT_EMIT_LOC_STRINGS = YES;
				SWIFT_VERSION = 5.0;
				TARGETED_DEVICE_FAMILY = "1,2";
			};
			name = Release;
		};
		2E1E5FE42BE7F18200196A17 /* Debug */ = {
			isa = XCBuildConfiguration;
			buildSettings = {
				ALWAYS_EMBED_SWIFT_STANDARD_LIBRARIES = YES;
				BUNDLE_LOADER = "$(TEST_HOST)";
				CODE_SIGN_STYLE = Automatic;
				CURRENT_PROJECT_VERSION = 1;
				GENERATE_INFOPLIST_FILE = YES;
				IPHONEOS_DEPLOYMENT_TARGET = 16.4;
				MACOSX_DEPLOYMENT_TARGET = 13.0;
				MARKETING_VERSION = 1.0;
				PRODUCT_BUNDLE_IDENTIFIER = AbramGiller.ThothAppTests;
				PRODUCT_NAME = "$(TARGET_NAME)";
				SDKROOT = auto;
				SUPPORTED_PLATFORMS = "iphoneos iphonesimulator macosx";
				SWIFT_EMIT_LOC_STRINGS = NO;
				SWIFT_VERSION = 5.0;
				TARGETED_DEVICE_FAMILY = "1,2";
				TEST_HOST = "$(BUILT_PRODUCTS_DIR)/ThothApp.app/$(BUNDLE_EXECUTABLE_FOLDER_PATH)/ThothApp";
			};
			name = Debug;
		};
		2E1E5FE52BE7F18200196A17 /* Release */ = {
			isa = XCBuildConfiguration;
			buildSettings = {
				ALWAYS_EMBED_SWIFT_STANDARD_LIBRARIES = YES;
				BUNDLE_LOADER = "$(TEST_HOST)";
				CODE_SIGN_STYLE = Automatic;
				CURRENT_PROJECT_VERSION = 1;
				GENERATE_INFOPLIST_FILE = YES;
				IPHONEOS_DEPLOYMENT_TARGET = 16.4;
				MACOSX_DEPLOYMENT_TARGET = 13.0;
				MARKETING_VERSION = 1.0;
				PRODUCT_BUNDLE_IDENTIFIER = AbramGiller.ThothAppTests;
				PRODUCT_NAME = "$(TARGET_NAME)";
				SDKROOT = auto;
				SUPPORTED_PLATFORMS = "iphoneos iphonesimulator macosx";
				SWIFT_EMIT_LOC_STRINGS = NO;
				SWIFT_VERSION = 5.0;
				TARGETED_DEVICE_FAMILY = "1,2";
				TEST_HOST = "$(BUILT_PRODUCTS_DIR)/ThothApp.app/$(BUNDLE_EXECUTABLE_FOLDER_PATH)/ThothApp";
			};
			name = Release;
		};
		2E1E5FE72BE7F18200196A17 /* Debug */ = {
			isa = XCBuildConfiguration;
			buildSettings = {
				ALWAYS_EMBED_SWIFT_STANDARD_LIBRARIES = YES;
				CODE_SIGN_STYLE = Automatic;
				CURRENT_PROJECT_VERSION = 1;
				GENERATE_INFOPLIST_FILE = YES;
				IPHONEOS_DEPLOYMENT_TARGET = 16.4;
				MACOSX_DEPLOYMENT_TARGET = 13.0;
				MARKETING_VERSION = 1.0;
				PRODUCT_BUNDLE_IDENTIFIER = AbramGiller.ThothAppUITests;
				PRODUCT_NAME = "$(TARGET_NAME)";
				SDKROOT = auto;
				SUPPORTED_PLATFORMS = "iphoneos iphonesimulator macosx";
				SWIFT_EMIT_LOC_STRINGS = NO;
				SWIFT_VERSION = 5.0;
				TARGETED_DEVICE_FAMILY = "1,2";
				TEST_TARGET_NAME = ThothApp;
			};
			name = Debug;
		};
		2E1E5FE82BE7F18200196A17 /* Release */ = {
			isa = XCBuildConfiguration;
			buildSettings = {
				ALWAYS_EMBED_SWIFT_STANDARD_LIBRARIES = YES;
				CODE_SIGN_STYLE = Automatic;
				CURRENT_PROJECT_VERSION = 1;
				GENERATE_INFOPLIST_FILE = YES;
				IPHONEOS_DEPLOYMENT_TARGET = 16.4;
				MACOSX_DEPLOYMENT_TARGET = 13.0;
				MARKETING_VERSION = 1.0;
				PRODUCT_BUNDLE_IDENTIFIER = AbramGiller.ThothAppUITests;
				PRODUCT_NAME = "$(TARGET_NAME)";
				SDKROOT = auto;
				SUPPORTED_PLATFORMS = "iphoneos iphonesimulator macosx";
				SWIFT_EMIT_LOC_STRINGS = NO;
				SWIFT_VERSION = 5.0;
				TARGETED_DEVICE_FAMILY = "1,2";
				TEST_TARGET_NAME = ThothApp;
			};
			name = Release;
		};
/* End XCBuildConfiguration section */

/* Begin XCConfigurationList section */
		2E1E5FB62BE7F17F00196A17 /* Build configuration list for PBXProject "ThothApp" */ = {
			isa = XCConfigurationList;
			buildConfigurations = (
				2E1E5FDE2BE7F18200196A17 /* Debug */,
				2E1E5FDF2BE7F18200196A17 /* Release */,
			);
			defaultConfigurationIsVisible = 0;
			defaultConfigurationName = Release;
		};
		2E1E5FE02BE7F18200196A17 /* Build configuration list for PBXNativeTarget "ThothApp" */ = {
			isa = XCConfigurationList;
			buildConfigurations = (
				2E1E5FE12BE7F18200196A17 /* Debug */,
				2E1E5FE22BE7F18200196A17 /* Release */,
			);
			defaultConfigurationIsVisible = 0;
			defaultConfigurationName = Release;
		};
		2E1E5FE32BE7F18200196A17 /* Build configuration list for PBXNativeTarget "ThothAppTests" */ = {
			isa = XCConfigurationList;
			buildConfigurations = (
				2E1E5FE42BE7F18200196A17 /* Debug */,
				2E1E5FE52BE7F18200196A17 /* Release */,
			);
			defaultConfigurationIsVisible = 0;
			defaultConfigurationName = Release;
		};
		2E1E5FE62BE7F18200196A17 /* Build configuration list for PBXNativeTarget "ThothAppUITests" */ = {
			isa = XCConfigurationList;
			buildConfigurations = (
				2E1E5FE72BE7F18200196A17 /* Debug */,
				2E1E5FE82BE7F18200196A17 /* Release */,
			);
			defaultConfigurationIsVisible = 0;
			defaultConfigurationName = Release;
		};
/* End XCConfigurationList section */

/* Begin XCRemoteSwiftPackageReference section */
		2E60BDD12BE80F7B0091F506 /* XCRemoteSwiftPackageReference "ZIPFoundation" */ = {
			isa = XCRemoteSwiftPackageReference;
			repositoryURL = "https://github.com/weichsel/ZIPFoundation.git";
			requirement = {
				kind = upToNextMajorVersion;
				minimumVersion = 0.9.19;
			};
		};
		2E60BDD42BE80F910091F506 /* XCRemoteSwiftPackageReference "AEXML" */ = {
			isa = XCRemoteSwiftPackageReference;
			repositoryURL = "https://github.com/tadija/AEXML.git";
			requirement = {
				kind = upToNextMajorVersion;
				minimumVersion = 4.0.0;
			};
		};
/* End XCRemoteSwiftPackageReference section */

/* Begin XCSwiftPackageProductDependency section */
		2E60BDD22BE80F7B0091F506 /* ZIPFoundation */ = {
			isa = XCSwiftPackageProductDependency;
			package = 2E60BDD12BE80F7B0091F506 /* XCRemoteSwiftPackageReference "ZIPFoundation" */;
			productName = ZIPFoundation;
		};
		2E60BDD52BE80F910091F506 /* AEXML */ = {
			isa = XCSwiftPackageProductDependency;
			package = 2E60BDD42BE80F910091F506 /* XCRemoteSwiftPackageReference "AEXML" */;
			productName = AEXML;
		};
/* End XCSwiftPackageProductDependency section */
	};
	rootObject = 2E1E5FB32BE7F17F00196A17 /* Project object */;
}
